
Microsoft Visual Studio Solution File, Format Version 12.00
# Visual Studio Version 16
VisualStudioVersion = 16.0.30114.105
MinimumVisualStudioVersion = 10.0.40219.1
Project("{FAE04EC0-301F-11D3-BF4B-00C04F79EFBC}") = "GameRegistrationNETApp", "GameRegistrationNETApp\GameRegistrationNETApp.csproj", "{6EE13B3D-D00D-4CC8-BBEF-A3AAA505468A}"
EndProject
Project("{FAE04EC0-301F-11D3-BF4B-00C04F79EFBC}") = "GameRegistrationNETTest", "GameRegistrationNETTest\GameRegistrationNETTest.csproj", "{5A6E32AC-2461-4B97-9A97-28A3C088A6E9}"
EndProject
Global
	GlobalSection(SolutionConfigurationPlatforms) = preSolution
		Debug|Any CPU = Debug|Any CPU
		Release|Any CPU = Release|Any CPU
	EndGlobalSection
	GlobalSection(SolutionProperties) = preSolution
		HideSolutionNode = FALSE
	EndGlobalSection
	GlobalSection(ProjectConfigurationPlatforms) = postSolution
		{6EE13B3D-D00D-4CC8-BBEF-A3AAA505468A}.Debug|Any CPU.ActiveCfg = Debug|Any CPU
		{6EE13B3D-D00D-4CC8-BBEF-A3AAA505468A}.Debug|Any CPU.Build.0 = Debug|Any CPU
		{6EE13B3D-D00D-4CC8-BBEF-A3AAA505468A}.Release|Any CPU.ActiveCfg = Release|Any CPU
		{6EE13B3D-D00D-4CC8-BBEF-A3AAA505468A}.Release|Any CPU.Build.0 = Release|Any CPU
		{5A6E32AC-2461-4B97-9A97-28A3C088A6E9}.Debug|Any CPU.ActiveCfg = Debug|Any CPU
		{5A6E32AC-2461-4B97-9A97-28A3C088A6E9}.Debug|Any CPU.Build.0 = Debug|Any CPU
		{5A6E32AC-2461-4B97-9A97-28A3C088A6E9}.Release|Any CPU.ActiveCfg = Release|Any CPU
		{5A6E32AC-2461-4B97-9A97-28A3C088A6E9}.Release|Any CPU.Build.0 = Release|Any CPU
	EndGlobalSection
EndGlobal
